
Microsoft Visual Studio Solution File, Format Version 12.00
Project("{2150E333-8FDC-42A3-9474-1A3956D46DE8}") = "1. Hosts", "1. Hosts", "{A004874F-7C55-4DAB-926E-1B8E3A39A382}"
EndProject
Project("{2150E333-8FDC-42A3-9474-1A3956D46DE8}") = "2. Modules", "2. Modules", "{7EE6C50A-5F58-4C26-8843-985CF1E50A83}"
EndProject
Project("{2150E333-8FDC-42A3-9474-1A3956D46DE8}") = "3. Building Blocks", "3. Building Blocks", "{85502A90-CC16-4119-972B-DC4DAF9BF521}"
EndProject
Project("{2150E333-8FDC-42A3-9474-1A3956D46DE8}") = "3.1. Core", "3.1. Core", "{62155A97-2E41-4EB4-B92A-07CCE61400F2}"
EndProject
Project("{2150E333-8FDC-42A3-9474-1A3956D46DE8}") = "3.2. Data", "3.2. Data", "{A2AFEB08-9027-4ADB-99B6-EB02A4E094F3}"
EndProject
Project("{2150E333-8FDC-42A3-9474-1A3956D46DE8}") = "3.3. Foundation", "3.3. Foundation", "{55BB8D28-513B-4EBD-840E-1FEE34915904}"
EndProject
Project("{FAE04EC0-301F-11D3-BF4B-00C04F79EFBC}") = "Spriggan.Core", "src\Spriggan.Core\Spriggan.Core.csproj", "{D050F364-352E-4C71-AA60-70997BF7C16F}"
EndProject
Project("{FAE04EC0-301F-11D3-BF4B-00C04F79EFBC}") = "Spriggan.Core.Transport", "src\Spriggan.Core.Transport\Spriggan.Core.Transport.csproj", "{8DC50940-34FB-4934-B66F-D8B62701D9CB}"
EndProject
Project("{FAE04EC0-301F-11D3-BF4B-00C04F79EFBC}") = "Spriggan.Core.Web", "src\Spriggan.Core.Web\Spriggan.Core.Web.csproj", "{5B48A0D8-7A0D-4ECF-975F-A8230F759F57}"
EndProject
Project("{FAE04EC0-301F-11D3-BF4B-00C04F79EFBC}") = "Spriggan.Core.Data", "src\Spriggan.Core.Data\Spriggan.Core.Data.csproj", "{8463D95D-48D8-49D5-9B81-D90C98D04E4E}"
EndProject
Project("{2150E333-8FDC-42A3-9474-1A3956D46DE8}") = "Spriggan.Data.Main", "Spriggan.Data.Main", "{A88F5494-0432-413F-868B-A5DAE79DDDC9}"
EndProject
Project("{2150E333-8FDC-42A3-9474-1A3956D46DE8}") = "Spriggan.Data.Identity", "Spriggan.Data.Identity", "{EDFBAE9F-6643-45B6-9AAA-0B8516BABFD8}"
EndProject
Project("{FAE04EC0-301F-11D3-BF4B-00C04F79EFBC}") = "Spriggan.Data.Main", "src\Spriggan.Data.Main\Spriggan.Data.Main.csproj", "{0385FB7A-F601-482B-A28B-1ED1CFB33FB7}"
EndProject
Project("{FAE04EC0-301F-11D3-BF4B-00C04F79EFBC}") = "Spriggan.Data.Main.Contracts", "src\Spriggan.Data.Main.Contracts\Spriggan.Data.Main.Contracts.csproj", "{3FA7850C-4781-4034-95C4-0E3FD663CA9C}"
EndProject
Project("{FAE04EC0-301F-11D3-BF4B-00C04F79EFBC}") = "Spriggan.Data.Identity", "src\Spriggan.Data.Identity\Spriggan.Data.Identity.csproj", "{788C5D63-B77F-4474-89B4-E73C31601099}"
EndProject
Project("{FAE04EC0-301F-11D3-BF4B-00C04F79EFBC}") = "Spriggan.Data.Identity.Contracts", "src\Spriggan.Data.Identity.Contracts\Spriggan.Data.Identity.Contracts.csproj", "{156345BB-A278-46AE-930C-4EBFC97B0945}"
EndProject
Project("{FAE04EC0-301F-11D3-BF4B-00C04F79EFBC}") = "Spriggan.Foundation.Identity", "src\Spriggan.Foundation.Identity\Spriggan.Foundation.Identity.csproj", "{1E3FEE71-350F-4F89-93BA-4931E9900729}"
EndProject
Project("{FAE04EC0-301F-11D3-BF4B-00C04F79EFBC}") = "Spriggan.Foundation.Caching", "src\Spriggan.Foundation.Caching\Spriggan.Foundation.Caching.csproj", "{69D9E50F-C587-4488-A34D-F53DB1647442}"
EndProject
Project("{FAE04EC0-301F-11D3-BF4B-00C04F79EFBC}") = "Spriggan.Foundation.Mail", "src\Spriggan.Foundation.Mail\Spriggan.Foundation.Mail.csproj", "{D1F0F401-BFD0-41CC-80B2-F9565657BA4E}"
EndProject
Global
	GlobalSection(SolutionConfigurationPlatforms) = preSolution
		Debug|Any CPU = Debug|Any CPU
		Release|Any CPU = Release|Any CPU
	EndGlobalSection
	GlobalSection(NestedProjects) = preSolution
		{62155A97-2E41-4EB4-B92A-07CCE61400F2} = {85502A90-CC16-4119-972B-DC4DAF9BF521}
		{A2AFEB08-9027-4ADB-99B6-EB02A4E094F3} = {85502A90-CC16-4119-972B-DC4DAF9BF521}
		{55BB8D28-513B-4EBD-840E-1FEE34915904} = {85502A90-CC16-4119-972B-DC4DAF9BF521}
		{D050F364-352E-4C71-AA60-70997BF7C16F} = {62155A97-2E41-4EB4-B92A-07CCE61400F2}
		{8DC50940-34FB-4934-B66F-D8B62701D9CB} = {62155A97-2E41-4EB4-B92A-07CCE61400F2}
		{5B48A0D8-7A0D-4ECF-975F-A8230F759F57} = {62155A97-2E41-4EB4-B92A-07CCE61400F2}
		{8463D95D-48D8-49D5-9B81-D90C98D04E4E} = {62155A97-2E41-4EB4-B92A-07CCE61400F2}
		{A88F5494-0432-413F-868B-A5DAE79DDDC9} = {A2AFEB08-9027-4ADB-99B6-EB02A4E094F3}
		{EDFBAE9F-6643-45B6-9AAA-0B8516BABFD8} = {A2AFEB08-9027-4ADB-99B6-EB02A4E094F3}
		{0385FB7A-F601-482B-A28B-1ED1CFB33FB7} = {A88F5494-0432-413F-868B-A5DAE79DDDC9}
		{3FA7850C-4781-4034-95C4-0E3FD663CA9C} = {A88F5494-0432-413F-868B-A5DAE79DDDC9}
		{788C5D63-B77F-4474-89B4-E73C31601099} = {EDFBAE9F-6643-45B6-9AAA-0B8516BABFD8}
		{156345BB-A278-46AE-930C-4EBFC97B0945} = {EDFBAE9F-6643-45B6-9AAA-0B8516BABFD8}
		{1E3FEE71-350F-4F89-93BA-4931E9900729} = {55BB8D28-513B-4EBD-840E-1FEE34915904}
		{69D9E50F-C587-4488-A34D-F53DB1647442} = {55BB8D28-513B-4EBD-840E-1FEE34915904}
		{D1F0F401-BFD0-41CC-80B2-F9565657BA4E} = {55BB8D28-513B-4EBD-840E-1FEE34915904}
	EndGlobalSection
	GlobalSection(ProjectConfigurationPlatforms) = postSolution
		{D050F364-352E-4C71-AA60-70997BF7C16F}.Debug|Any CPU.ActiveCfg = Debug|Any CPU
		{D050F364-352E-4C71-AA60-70997BF7C16F}.Debug|Any CPU.Build.0 = Debug|Any CPU
		{D050F364-352E-4C71-AA60-70997BF7C16F}.Release|Any CPU.ActiveCfg = Release|Any CPU
		{D050F364-352E-4C71-AA60-70997BF7C16F}.Release|Any CPU.Build.0 = Release|Any CPU
		{8DC50940-34FB-4934-B66F-D8B62701D9CB}.Debug|Any CPU.ActiveCfg = Debug|Any CPU
		{8DC50940-34FB-4934-B66F-D8B62701D9CB}.Debug|Any CPU.Build.0 = Debug|Any CPU
		{8DC50940-34FB-4934-B66F-D8B62701D9CB}.Release|Any CPU.ActiveCfg = Release|Any CPU
		{8DC50940-34FB-4934-B66F-D8B62701D9CB}.Release|Any CPU.Build.0 = Release|Any CPU
		{5B48A0D8-7A0D-4ECF-975F-A8230F759F57}.Debug|Any CPU.ActiveCfg = Debug|Any CPU
		{5B48A0D8-7A0D-4ECF-975F-A8230F759F57}.Debug|Any CPU.Build.0 = Debug|Any CPU
		{5B48A0D8-7A0D-4ECF-975F-A8230F759F57}.Release|Any CPU.ActiveCfg = Release|Any CPU
		{5B48A0D8-7A0D-4ECF-975F-A8230F759F57}.Release|Any CPU.Build.0 = Release|Any CPU
		{8463D95D-48D8-49D5-9B81-D90C98D04E4E}.Debug|Any CPU.ActiveCfg = Debug|Any CPU
		{8463D95D-48D8-49D5-9B81-D90C98D04E4E}.Debug|Any CPU.Build.0 = Debug|Any CPU
		{8463D95D-48D8-49D5-9B81-D90C98D04E4E}.Release|Any CPU.ActiveCfg = Release|Any CPU
		{8463D95D-48D8-49D5-9B81-D90C98D04E4E}.Release|Any CPU.Build.0 = Release|Any CPU
		{0385FB7A-F601-482B-A28B-1ED1CFB33FB7}.Debug|Any CPU.ActiveCfg = Debug|Any CPU
		{0385FB7A-F601-482B-A28B-1ED1CFB33FB7}.Debug|Any CPU.Build.0 = Debug|Any CPU
		{0385FB7A-F601-482B-A28B-1ED1CFB33FB7}.Release|Any CPU.ActiveCfg = Release|Any CPU
		{0385FB7A-F601-482B-A28B-1ED1CFB33FB7}.Release|Any CPU.Build.0 = Release|Any CPU
		{3FA7850C-4781-4034-95C4-0E3FD663CA9C}.Debug|Any CPU.ActiveCfg = Debug|Any CPU
		{3FA7850C-4781-4034-95C4-0E3FD663CA9C}.Debug|Any CPU.Build.0 = Debug|Any CPU
		{3FA7850C-4781-4034-95C4-0E3FD663CA9C}.Release|Any CPU.ActiveCfg = Release|Any CPU
		{3FA7850C-4781-4034-95C4-0E3FD663CA9C}.Release|Any CPU.Build.0 = Release|Any CPU
		{788C5D63-B77F-4474-89B4-E73C31601099}.Debug|Any CPU.ActiveCfg = Debug|Any CPU
		{788C5D63-B77F-4474-89B4-E73C31601099}.Debug|Any CPU.Build.0 = Debug|Any CPU
		{788C5D63-B77F-4474-89B4-E73C31601099}.Release|Any CPU.ActiveCfg = Release|Any CPU
		{788C5D63-B77F-4474-89B4-E73C31601099}.Release|Any CPU.Build.0 = Release|Any CPU
		{156345BB-A278-46AE-930C-4EBFC97B0945}.Debug|Any CPU.ActiveCfg = Debug|Any CPU
		{156345BB-A278-46AE-930C-4EBFC97B0945}.Debug|Any CPU.Build.0 = Debug|Any CPU
		{156345BB-A278-46AE-930C-4EBFC97B0945}.Release|Any CPU.ActiveCfg = Release|Any CPU
		{156345BB-A278-46AE-930C-4EBFC97B0945}.Release|Any CPU.Build.0 = Release|Any CPU
		{1E3FEE71-350F-4F89-93BA-4931E9900729}.Debug|Any CPU.ActiveCfg = Debug|Any CPU
		{1E3FEE71-350F-4F89-93BA-4931E9900729}.Debug|Any CPU.Build.0 = Debug|Any CPU
		{1E3FEE71-350F-4F89-93BA-4931E9900729}.Release|Any CPU.ActiveCfg = Release|Any CPU
		{1E3FEE71-350F-4F89-93BA-4931E9900729}.Release|Any CPU.Build.0 = Release|Any CPU
		{69D9E50F-C587-4488-A34D-F53DB1647442}.Debug|Any CPU.ActiveCfg = Debug|Any CPU
		{69D9E50F-C587-4488-A34D-F53DB1647442}.Debug|Any CPU.Build.0 = Debug|Any CPU
		{69D9E50F-C587-4488-A34D-F53DB1647442}.Release|Any CPU.ActiveCfg = Release|Any CPU
		{69D9E50F-C587-4488-A34D-F53DB1647442}.Release|Any CPU.Build.0 = Release|Any CPU
		{D1F0F401-BFD0-41CC-80B2-F9565657BA4E}.Debug|Any CPU.ActiveCfg = Debug|Any CPU
		{D1F0F401-BFD0-41CC-80B2-F9565657BA4E}.Debug|Any CPU.Build.0 = Debug|Any CPU
		{D1F0F401-BFD0-41CC-80B2-F9565657BA4E}.Release|Any CPU.ActiveCfg = Release|Any CPU
		{D1F0F401-BFD0-41CC-80B2-F9565657BA4E}.Release|Any CPU.Build.0 = Release|Any CPU
	EndGlobalSection
EndGlobal
